
Microsoft Visual Studio Solution File, Format Version 12.00
# Visual Studio Version 16
VisualStudioVersion = 16.0.28922.388
MinimumVisualStudioVersion = 10.0.40219.1
Project("{9A19103F-16F7-4668-BE54-9A1E7A4F7556}") = "RegexMath", "RegexMathLibrary\RegexMath.csproj", "{8E0A62AF-D06B-4522-95DC-3C106202AC47}"
EndProject
Project("{9A19103F-16F7-4668-BE54-9A1E7A4F7556}") = "RegexMath.Tests", "RegexMathLibrary.Tests\RegexMath.Tests.csproj", "{60DE77E0-0840-41FF-8B69-D0BFD43C9A10}"
EndProject
Project("{9A19103F-16F7-4668-BE54-9A1E7A4F7556}") = "Math", "Math\Math.csproj", "{A8DD2C46-588E-40EB-B732-850BAAD4735A}"
EndProject
Global
	GlobalSection(SolutionConfigurationPlatforms) = preSolution
		Debug|Any CPU = Debug|Any CPU
		Release|Any CPU = Release|Any CPU
	EndGlobalSection
	GlobalSection(ProjectConfigurationPlatforms) = postSolution
		{8E0A62AF-D06B-4522-95DC-3C106202AC47}.Debug|Any CPU.ActiveCfg = Debug|Any CPU
		{8E0A62AF-D06B-4522-95DC-3C106202AC47}.Debug|Any CPU.Build.0 = Debug|Any CPU
		{8E0A62AF-D06B-4522-95DC-3C106202AC47}.Release|Any CPU.ActiveCfg = Release|Any CPU
		{8E0A62AF-D06B-4522-95DC-3C106202AC47}.Release|Any CPU.Build.0 = Release|Any CPU
		{60DE77E0-0840-41FF-8B69-D0BFD43C9A10}.Debug|Any CPU.ActiveCfg = Debug|Any CPU
		{60DE77E0-0840-41FF-8B69-D0BFD43C9A10}.Debug|Any CPU.Build.0 = Debug|Any CPU
		{60DE77E0-0840-41FF-8B69-D0BFD43C9A10}.Release|Any CPU.ActiveCfg = Release|Any CPU
		{60DE77E0-0840-41FF-8B69-D0BFD43C9A10}.Release|Any CPU.Build.0 = Release|Any CPU
		{A8DD2C46-588E-40EB-B732-850BAAD4735A}.Debug|Any CPU.ActiveCfg = Debug|Any CPU
		{A8DD2C46-588E-40EB-B732-850BAAD4735A}.Debug|Any CPU.Build.0 = Debug|Any CPU
		{A8DD2C46-588E-40EB-B732-850BAAD4735A}.Release|Any CPU.ActiveCfg = Release|Any CPU
		{A8DD2C46-588E-40EB-B732-850BAAD4735A}.Release|Any CPU.Build.0 = Release|Any CPU
	EndGlobalSection
	GlobalSection(SolutionProperties) = preSolution
		HideSolutionNode = FALSE
	EndGlobalSection
	GlobalSection(ExtensibilityGlobals) = postSolution
		SolutionGuid = {99206F44-E638-43A6-B563-03A2CAFCDF83}
	EndGlobalSection
EndGlobal
